// !$*UTF8*$!
{
	archiveVersion = 1;
	classes = {
	};
	objectVersion = 46;
	objects = {

/* Begin PBXBuildFile section */
		686272F81C5858B600EA6B95 /* PhotoViewController.swift in Sources */ = {isa = PBXBuildFile; fileRef = 686272F71C5858B600EA6B95 /* PhotoViewController.swift */; };
		68FB2F9A1C58501900387769 /* AppDelegate.swift in Sources */ = {isa = PBXBuildFile; fileRef = 68FB2F991C58501900387769 /* AppDelegate.swift */; };
		68FB2F9F1C58501900387769 /* Main.storyboard in Resources */ = {isa = PBXBuildFile; fileRef = 68FB2F9D1C58501900387769 /* Main.storyboard */; };
		68FB2FA11C58501900387769 /* Assets.xcassets in Resources */ = {isa = PBXBuildFile; fileRef = 68FB2FA01C58501900387769 /* Assets.xcassets */; };
		68FB2FA41C58501900387769 /* LaunchScreen.storyboard in Resources */ = {isa = PBXBuildFile; fileRef = 68FB2FA21C58501900387769 /* LaunchScreen.storyboard */; };
		6C425FEDF113B5173AE7D7C4 /* Pods_Instagram_Feed.framework in Frameworks */ = {isa = PBXBuildFile; fileRef = 6BA14B3C0C884E74ADC44A4D /* Pods_Instagram_Feed.framework */; };
/* End PBXBuildFile section */

/* Begin PBXFileReference section */
		686272F71C5858B600EA6B95 /* PhotoViewController.swift */ = {isa = PBXFileReference; fileEncoding = 4; lastKnownFileType = sourcecode.swift; path = PhotoViewController.swift; sourceTree = "<group>"; };
		68FB2F961C58501900387769 /* Instagram Feed.app */ = {isa = PBXFileReference; explicitFileType = wrapper.application; includeInIndex = 0; path = "Instagram Feed.app"; sourceTree = BUILT_PRODUCTS_DIR; };
		68FB2F991C58501900387769 /* AppDelegate.swift */ = {isa = PBXFileReference; lastKnownFileType = sourcecode.swift; path = AppDelegate.swift; sourceTree = "<group>"; };
		68FB2F9E1C58501900387769 /* Base */ = {isa = PBXFileReference; lastKnownFileType = file.storyboard; name = Base; path = Base.lproj/Main.storyboard; sourceTree = "<group>"; };
		68FB2FA01C58501900387769 /* Assets.xcassets */ = {isa = PBXFileReference; lastKnownFileType = folder.assetcatalog; path = Assets.xcassets; sourceTree = "<group>"; };
		68FB2FA31C58501900387769 /* Base */ = {isa = PBXFileReference; lastKnownFileType = file.storyboard; name = Base; path = Base.lproj/LaunchScreen.storyboard; sourceTree = "<group>"; };
		68FB2FA51C58501900387769 /* Info.plist */ = {isa = PBXFileReference; lastKnownFileType = text.plist.xml; path = Info.plist; sourceTree = "<group>"; };
		6BA14B3C0C884E74ADC44A4D /* Pods_Instagram_Feed.framework */ = {isa = PBXFileReference; explicitFileType = wrapper.framework; includeInIndex = 0; path = Pods_Instagram_Feed.framework; sourceTree = BUILT_PRODUCTS_DIR; };
		C16AB7EC397997A2FFD23B73 /* Pods-Instagram Feed.debug.xcconfig */ = {isa = PBXFileReference; includeInIndex = 1; lastKnownFileType = text.xcconfig; name = "Pods-Instagram Feed.debug.xcconfig"; path = "Pods/Target Support Files/Pods-Instagram Feed/Pods-Instagram Feed.debug.xcconfig"; sourceTree = "<group>"; };
		DE9C7D3C647E22253DA055DF /* Pods-Instagram Feed.release.xcconfig */ = {isa = PBXFileReference; includeInIndex = 1; lastKnownFileType = text.xcconfig; name = "Pods-Instagram Feed.release.xcconfig"; path = "Pods/Target Support Files/Pods-Instagram Feed/Pods-Instagram Feed.release.xcconfig"; sourceTree = "<group>"; };
/* End PBXFileReference section */

/* Begin PBXFrameworksBuildPhase section */
		68FB2F931C58501900387769 /* Frameworks */ = {
			isa = PBXFrameworksBuildPhase;
			buildActionMask = 2147483647;
			files = (
				6C425FEDF113B5173AE7D7C4 /* Pods_Instagram_Feed.framework in Frameworks */,
			);
			runOnlyForDeploymentPostprocessing = 0;
		};
/* End PBXFrameworksBuildPhase section */

/* Begin PBXGroup section */
		68FB2F8D1C58501900387769 = {
			isa = PBXGroup;
			children = (
				68FB2F981C58501900387769 /* Instagram Feed */,
				68FB2F971C58501900387769 /* Products */,
				E8E761F01F07E73EF72B5245 /* Pods */,
				BFF6EDA2D2E227F7A25DB17E /* Frameworks */,
			);
			sourceTree = "<group>";
		};
		68FB2F971C58501900387769 /* Products */ = {
			isa = PBXGroup;
			children = (
				68FB2F961C58501900387769 /* Instagram Feed.app */,
			);
			name = Products;
			sourceTree = "<group>";
		};
		68FB2F981C58501900387769 /* Instagram Feed */ = {
			isa = PBXGroup;
			children = (
				686272F71C5858B600EA6B95 /* PhotoViewController.swift */,
				68FB2F991C58501900387769 /* AppDelegate.swift */,
				68FB2F9D1C58501900387769 /* Main.storyboard */,
				68FB2FA01C58501900387769 /* Assets.xcassets */,
				68FB2FA21C58501900387769 /* LaunchScreen.storyboard */,
				68FB2FA51C58501900387769 /* Info.plist */,
			);
			path = "Instagram Feed";
			sourceTree = "<group>";
		};
		BFF6EDA2D2E227F7A25DB17E /* Frameworks */ = {
			isa = PBXGroup;
			children = (
				6BA14B3C0C884E74ADC44A4D /* Pods_Instagram_Feed.framework */,
			);
			name = Frameworks;
			sourceTree = "<group>";
		};
		E8E761F01F07E73EF72B5245 /* Pods */ = {
			isa = PBXGroup;
			children = (
				C16AB7EC397997A2FFD23B73 /* Pods-Instagram Feed.debug.xcconfig */,
				DE9C7D3C647E22253DA055DF /* Pods-Instagram Feed.release.xcconfig */,
			);
			name = Pods;
			sourceTree = "<group>";
		};
/* End PBXGroup section */

/* Begin PBXNativeTarget section */
		68FB2F951C58501900387769 /* Instagram Feed */ = {
			isa = PBXNativeTarget;
			buildConfigurationList = 68FB2FA81C58501900387769 /* Build configuration list for PBXNativeTarget "Instagram Feed" */;
			buildPhases = (
				4E98B0F0E03C5440EFAFBD6F /* Check Pods Manifest.lock */,
				68FB2F921C58501900387769 /* Sources */,
				68FB2F931C58501900387769 /* Frameworks */,
				68FB2F941C58501900387769 /* Resources */,
				EE3DC33D4306ED757440FE0D /* Embed Pods Frameworks */,
				5F8F1C119E08212EF85A20F5 /* Copy Pods Resources */,
			);
			buildRules = (
			);
			dependencies = (
			);
			name = "Instagram Feed";
			productName = "Instagram Feed";
			productReference = 68FB2F961C58501900387769 /* Instagram Feed.app */;
			productType = "com.apple.product-type.application";
		};
/* End PBXNativeTarget section */

/* Begin PBXProject section */
		68FB2F8E1C58501900387769 /* Project object */ = {
			isa = PBXProject;
			attributes = {
				LastSwiftUpdateCheck = 0720;
				LastUpgradeCheck = 0720;
				ORGANIZATIONNAME = wustl;
				TargetAttributes = {
					68FB2F951C58501900387769 = {
						CreatedOnToolsVersion = 7.2;
					};
				};
			};
			buildConfigurationList = 68FB2F911C58501900387769 /* Build configuration list for PBXProject "Instagram Feed" */;
			compatibilityVersion = "Xcode 3.2";
			developmentRegion = English;
			hasScannedForEncodings = 0;
			knownRegions = (
				en,
				Base,
			);
			mainGroup = 68FB2F8D1C58501900387769;
			productRefGroup = 68FB2F971C58501900387769 /* Products */;
			projectDirPath = "";
			projectRoot = "";
			targets = (
				68FB2F951C58501900387769 /* Instagram Feed */,
			);
		};
/* End PBXProject section */

/* Begin PBXResourcesBuildPhase section */
		68FB2F941C58501900387769 /* Resources */ = {
			isa = PBXResourcesBuildPhase;
			buildActionMask = 2147483647;
			files = (
				68FB2FA41C58501900387769 /* LaunchScreen.storyboard in Resources */,
				68FB2FA11C58501900387769 /* Assets.xcassets in Resources */,
				68FB2F9F1C58501900387769 /* Main.storyboard in Resources */,
			);
			runOnlyForDeploymentPostprocessing = 0;
		};
/* End PBXResourcesBuildPhase section */

/* Begin PBXShellScriptBuildPhase section */
		4E98B0F0E03C5440EFAFBD6F /* Check Pods Manifest.lock */ = {
			isa = PBXShellScriptBuildPhase;
			buildActionMask = 2147483647;
			files = (
			);
			inputPaths = (
			);
			name = "Check Pods Manifest.lock";
			outputPaths = (
			);
			runOnlyForDeploymentPostprocessing = 0;
			shellPath = /bin/sh;
			shellScript = "diff \"${PODS_ROOT}/../Podfile.lock\" \"${PODS_ROOT}/Manifest.lock\" > /dev/null\nif [[ $? != 0 ]] ; then\n    cat << EOM\nerror: The sandbox is not in sync with the Podfile.lock. Run 'pod install' or update your CocoaPods installation.\nEOM\n    exit 1\nfi\n";
			showEnvVarsInLog = 0;
		};
		5F8F1C119E08212EF85A20F5 /* Copy Pods Resources */ = {
			isa = PBXShellScriptBuildPhase;
			buildActionMask = 2147483647;
			files = (
			);
			inputPaths = (
			);
			name = "Copy Pods Resources";
			outputPaths = (
			);
			runOnlyForDeploymentPostprocessing = 0;
			shellPath = /bin/sh;
			shellScript = "\"${SRCROOT}/Pods/Target Support Files/Pods-Instagram Feed/Pods-Instagram Feed-resources.sh\"\n";
			showEnvVarsInLog = 0;
		};
		EE3DC33D4306ED757440FE0D /* Embed Pods Frameworks */ = {
			isa = PBXShellScriptBuildPhase;
			buildActionMask = 2147483647;
			files = (
			);
			inputPaths = (
			);
			name = "Embed Pods Frameworks";
			outputPaths = (
			);
			runOnlyForDeploymentPostprocessing = 0;
			shellPath = /bin/sh;
			shellScript = "\"${SRCROOT}/Pods/Target Support Files/Pods-Instagram Feed/Pods-Instagram Feed-frameworks.sh\"\n";
			showEnvVarsInLog = 0;
		};
/* End PBXShellScriptBuildPhase section */

/* Begin PBXSourcesBuildPhase section */
		68FB2F921C58501900387769 /* Sources */ = {
			isa = PBXSourcesBuildPhase;
			buildActionMask = 2147483647;
			files = (
				68FB2F9A1C58501900387769 /* AppDelegate.swift in Sources */,
				686272F81C5858B600EA6B95 /* PhotoViewController.swift in Sources */,
			);
			runOnlyForDeploymentPostprocessing = 0;
		};
/* End PBXSourcesBuildPhase section */

/* Begin PBXVariantGroup section */
		68FB2F9D1C58501900387769 /* Main.storyboard */ = {
			isa = PBXVariantGroup;
			children = (
				68FB2F9E1C58501900387769 /* Base */,
			);
			name = Main.storyboard;
			sourceTree = "<group>";
		};
		68FB2FA21C58501900387769 /* LaunchScreen.storyboard */ = {
			isa = PBXVariantGroup;
			children = (
				68FB2FA31C58501900387769 /* Base */,
			);
			name = LaunchScreen.storyboard;
			sourceTree = "<group>";
		};
/* End PBXVariantGroup section */

/* Begin XCBuildConfiguration section */
		68FB2FA61C58501900387769 /* Debug */ = {
			isa = XCBuildConfiguration;
			buildSettings = {
				ALWAYS_SEARCH_USER_PATHS = NO;
				CLANG_CXX_LANGUAGE_STANDARD = "gnu++0x";
				CLANG_CXX_LIBRARY = "libc++";
				CLANG_ENABLE_MODULES = YES;
				CLANG_ENABLE_OBJC_ARC = YES;
				CLANG_WARN_BOOL_CONVERSION = YES;
				CLANG_WARN_CONSTANT_CONVERSION = YES;
				CLANG_WARN_DIRECT_OBJC_ISA_USAGE = YES_ERROR;
				CLANG_WARN_EMPTY_BODY = YES;
				CLANG_WARN_ENUM_CONVERSION = YES;
				CLANG_WARN_INT_CONVERSION = YES;
				CLANG_WARN_OBJC_ROOT_CLASS = YES_ERROR;
				CLANG_WARN_UNREACHABLE_CODE = YES;
				CLANG_WARN__DUPLICATE_METHOD_MATCH = YES;
				"CODE_SIGN_IDENTITY[sdk=iphoneos*]" = "iPhone Developer";
				COPY_PHASE_STRIP = NO;
				DEBUG_INFORMATION_FORMAT = dwarf;
				ENABLE_STRICT_OBJC_MSGSEND = YES;
				ENABLE_TESTABILITY = YES;
				GCC_C_LANGUAGE_STANDARD = gnu99;
				GCC_DYNAMIC_NO_PIC = NO;
				GCC_NO_COMMON_BLOCKS = YES;
				GCC_OPTIMIZATION_LEVEL = 0;
				GCC_PREPROCESSOR_DEFINITIONS = (
					"DEBUG=1",
					"$(inherited)",
				);
				GCC_WARN_64_TO_32_BIT_CONVERSION = YES;
				GCC_WARN_ABOUT_RETURN_TYPE = YES_ERROR;
				GCC_WARN_UNDECLARED_SELECTOR = YES;
				GCC_WARN_UNINITIALIZED_AUTOS = YES_AGGRESSIVE;
				GCC_WARN_UNUSED_FUNCTION = YES;
				GCC_WARN_UNUSED_VARIABLE = YES;
				IPHONEOS_DEPLOYMENT_TARGET = 9.2;
				MTL_ENABLE_DEBUG_INFO = YES;
				ONLY_ACTIVE_ARCH = YES;
				SDKROOT = iphoneos;
				SWIFT_OPTIMIZATION_LEVEL = "-Onone";
			};
			name = Debug;
		};
		68FB2FA71C58501900387769 /* Release */ = {
			isa = XCBuildConfiguration;
			buildSettings = {
				ALWAYS_SEARCH_USER_PATHS = NO;
				CLANG_CXX_LANGUAGE_STANDARD = "gnu++0x";
				CLANG_CXX_LIBRARY = "libc++";
				CLANG_ENABLE_MODULES = YES;
				CLANG_ENABLE_OBJC_ARC = YES;
				CLANG_WARN_BOOL_CONVERSION = YES;
				CLANG_WARN_CONSTANT_CONVERSION = YES;
				CLANG_WARN_DIRECT_OBJC_ISA_USAGE = YES_ERROR;
				CLANG_WARN_EMPTY_BODY = YES;
				CLANG_WARN_ENUM_CONVERSION = YES;
				CLANG_WARN_INT_CONVERSION = YES;
				CLANG_WARN_OBJC_ROOT_CLASS = YES_ERROR;
				CLANG_WARN_UNREACHABLE_CODE = YES;
				CLANG_WARN__DUPLICATE_METHOD_MATCH = YES;
				"CODE_SIGN_IDENTITY[sdk=iphoneos*]" = "iPhone Developer";
				COPY_PHASE_STRIP = NO;
				DEBUG_INFORMATION_FORMAT = "dwarf-with-dsym";
				ENABLE_NS_ASSERTIONS = NO;
				ENABLE_STRICT_OBJC_MSGSEND = YES;
				GCC_C_LANGUAGE_STANDARD = gnu99;
				GCC_NO_COMMON_BLOCKS = YES;
				GCC_WARN_64_TO_32_BIT_CONVERSION = YES;
				GCC_WARN_ABOUT_RETURN_TYPE = YES_ERROR;
				GCC_WARN_UNDECLARED_SELECTOR = YES;
				GCC_WARN_UNINITIALIZED_AUTOS = YES_AGGRESSIVE;
				GCC_WARN_UNUSED_FUNCTION = YES;
				GCC_WARN_UNUSED_VARIABLE = YES;
				IPHONEOS_DEPLOYMENT_TARGET = 9.2;
				MTL_ENABLE_DEBUG_INFO = NO;
				SDKROOT = iphoneos;
				VALIDATE_PRODUCT = YES;
			};
			name = Release;
		};
		68FB2FA91C58501900387769 /* Debug */ = {
			isa = XCBuildConfiguration;
			baseConfigurationReference = C16AB7EC397997A2FFD23B73 /* Pods-Instagram Feed.debug.xcconfig */;
			buildSettings = {
				ASSETCATALOG_COMPILER_APPICON_NAME = AppIcon;
				INFOPLIST_FILE = "Instagram Feed/Info.plist";
				LD_RUNPATH_SEARCH_PATHS = "$(inherited) @executable_path/Frameworks";
				PRODUCT_BUNDLE_IDENTIFIER = "wustl.Instagram-Feed";
				PRODUCT_NAME = "$(TARGET_NAME)";
			};
			name = Debug;
		};
		68FB2FAA1C58501900387769 /* Release */ = {
			isa = XCBuildConfiguration;
			baseConfigurationReference = DE9C7D3C647E22253DA055DF /* Pods-Instagram Feed.release.xcconfig */;
			buildSettings = {
				ASSETCATALOG_COMPILER_APPICON_NAME = AppIcon;
				INFOPLIST_FILE = "Instagram Feed/Info.plist";
				LD_RUNPATH_SEARCH_PATHS = "$(inherited) @executable_path/Frameworks";
				PRODUCT_BUNDLE_IDENTIFIER = "wustl.Instagram-Feed";
				PRODUCT_NAME = "$(TARGET_NAME)";
			};
			name = Release;
		};
/* End XCBuildConfiguration section */

/* Begin XCConfigurationList section */
		68FB2F911C58501900387769 /* Build configuration list for PBXProject "Instagram Feed" */ = {
			isa = XCConfigurationList;
			buildConfigurations = (
				68FB2FA61C58501900387769 /* Debug */,
				68FB2FA71C58501900387769 /* Release */,
			);
			defaultConfigurationIsVisible = 0;
			defaultConfigurationName = Release;
		};
		68FB2FA81C58501900387769 /* Build configuration list for PBXNativeTarget "Instagram Feed" */ = {
			isa = XCConfigurationList;
			buildConfigurations = (
				68FB2FA91C58501900387769 /* Debug */,
				68FB2FAA1C58501900387769 /* Release */,
			);
			defaultConfigurationIsVisible = 0;
			defaultConfigurationName = Release;
		};
/* End XCConfigurationList section */
	};
	rootObject = 68FB2F8E1C58501900387769 /* Project object */;
}
